
Microsoft Visual Studio Solution File, Format Version 12.00
# Visual Studio 15
Project("{FAE04EC0-301F-11D3-BF4B-00C04F79EFBC}") = "UniTask", "UniTask.csproj", "{1232CF89-0FBE-B205-46CC-FC7FB04A08C8}"
EndProject
Project("{FAE04EC0-301F-11D3-BF4B-00C04F79EFBC}") = "Assembly-CSharp", "Assembly-CSharp.csproj", "{003AF3AC-58C9-1270-981C-A44084E28D8B}"
EndProject
Project("{FAE04EC0-301F-11D3-BF4B-00C04F79EFBC}") = "Assembly-CSharp-firstpass", "Assembly-CSharp-firstpass.csproj", "{76244FE4-7E11-FD4D-8F60-E0689FEDF0D0}"
EndProject
Project("{FAE04EC0-301F-11D3-BF4B-00C04F79EFBC}") = "UniTask.Linq", "UniTask.Linq.csproj", "{E477B34C-DE21-4A77-9EA6-D177E4A883A7}"
EndProject
Project("{FAE04EC0-301F-11D3-BF4B-00C04F79EFBC}") = "UniTask.TextMeshPro", "UniTask.TextMeshPro.csproj", "{EDD81DEE-E8CB-4747-6B99-464B69FC62B5}"
EndProject
Project("{FAE04EC0-301F-11D3-BF4B-00C04F79EFBC}") = "UniTask.DOTween", "UniTask.DOTween.csproj", "{86EB3CB6-ECAC-1C27-448F-F5DCA4063AFC}"
EndProject
Project("{FAE04EC0-301F-11D3-BF4B-00C04F79EFBC}") = "UniTask.Addressables", "UniTask.Addressables.csproj", "{D7F81CDF-4FB0-5C69-DE6F-D4D7695DBD88}"
EndProject
Project("{FAE04EC0-301F-11D3-BF4B-00C04F79EFBC}") = "Assembly-CSharp-Editor-firstpass", "Assembly-CSharp-Editor-firstpass.csproj", "{0BB0B81B-B872-D57D-CC76-7186FBB8C7ED}"
EndProject
Project("{FAE04EC0-301F-11D3-BF4B-00C04F79EFBC}") = "UniTask.Editor", "UniTask.Editor.csproj", "{35CEDADA-4D6D-ED57-91F1-5DEEBED2D901}"
EndProject
Global
	GlobalSection(SolutionConfigurationPlatforms) = preSolution
		Debug|Any CPU = Debug|Any CPU
		Release|Any CPU = Release|Any CPU
	EndGlobalSection
	GlobalSection(ProjectConfigurationPlatforms) = postSolution
		{1232CF89-0FBE-B205-46CC-FC7FB04A08C8}.Debug|Any CPU.ActiveCfg = Debug|Any CPU
		{1232CF89-0FBE-B205-46CC-FC7FB04A08C8}.Debug|Any CPU.Build.0 = Debug|Any CPU
		{1232CF89-0FBE-B205-46CC-FC7FB04A08C8}.Release|Any CPU.ActiveCfg = Release|Any CPU
		{1232CF89-0FBE-B205-46CC-FC7FB04A08C8}.Release|Any CPU.Build.0 = Release|Any CPU
		{003AF3AC-58C9-1270-981C-A44084E28D8B}.Debug|Any CPU.ActiveCfg = Debug|Any CPU
		{003AF3AC-58C9-1270-981C-A44084E28D8B}.Debug|Any CPU.Build.0 = Debug|Any CPU
		{003AF3AC-58C9-1270-981C-A44084E28D8B}.Release|Any CPU.ActiveCfg = Release|Any CPU
		{003AF3AC-58C9-1270-981C-A44084E28D8B}.Release|Any CPU.Build.0 = Release|Any CPU
		{76244FE4-7E11-FD4D-8F60-E0689FEDF0D0}.Debug|Any CPU.ActiveCfg = Debug|Any CPU
		{76244FE4-7E11-FD4D-8F60-E0689FEDF0D0}.Debug|Any CPU.Build.0 = Debug|Any CPU
		{76244FE4-7E11-FD4D-8F60-E0689FEDF0D0}.Release|Any CPU.ActiveCfg = Release|Any CPU
		{76244FE4-7E11-FD4D-8F60-E0689FEDF0D0}.Release|Any CPU.Build.0 = Release|Any CPU
		{E477B34C-DE21-4A77-9EA6-D177E4A883A7}.Debug|Any CPU.ActiveCfg = Debug|Any CPU
		{E477B34C-DE21-4A77-9EA6-D177E4A883A7}.Debug|Any CPU.Build.0 = Debug|Any CPU
		{E477B34C-DE21-4A77-9EA6-D177E4A883A7}.Release|Any CPU.ActiveCfg = Release|Any CPU
		{E477B34C-DE21-4A77-9EA6-D177E4A883A7}.Release|Any CPU.Build.0 = Release|Any CPU
		{EDD81DEE-E8CB-4747-6B99-464B69FC62B5}.Debug|Any CPU.ActiveCfg = Debug|Any CPU
		{EDD81DEE-E8CB-4747-6B99-464B69FC62B5}.Debug|Any CPU.Build.0 = Debug|Any CPU
		{EDD81DEE-E8CB-4747-6B99-464B69FC62B5}.Release|Any CPU.ActiveCfg = Release|Any CPU
		{EDD81DEE-E8CB-4747-6B99-464B69FC62B5}.Release|Any CPU.Build.0 = Release|Any CPU
		{86EB3CB6-ECAC-1C27-448F-F5DCA4063AFC}.Debug|Any CPU.ActiveCfg = Debug|Any CPU
		{86EB3CB6-ECAC-1C27-448F-F5DCA4063AFC}.Debug|Any CPU.Build.0 = Debug|Any CPU
		{86EB3CB6-ECAC-1C27-448F-F5DCA4063AFC}.Release|Any CPU.ActiveCfg = Release|Any CPU
		{86EB3CB6-ECAC-1C27-448F-F5DCA4063AFC}.Release|Any CPU.Build.0 = Release|Any CPU
		{D7F81CDF-4FB0-5C69-DE6F-D4D7695DBD88}.Debug|Any CPU.ActiveCfg = Debug|Any CPU
		{D7F81CDF-4FB0-5C69-DE6F-D4D7695DBD88}.Debug|Any CPU.Build.0 = Debug|Any CPU
		{D7F81CDF-4FB0-5C69-DE6F-D4D7695DBD88}.Release|Any CPU.ActiveCfg = Release|Any CPU
		{D7F81CDF-4FB0-5C69-DE6F-D4D7695DBD88}.Release|Any CPU.Build.0 = Release|Any CPU
		{0BB0B81B-B872-D57D-CC76-7186FBB8C7ED}.Debug|Any CPU.ActiveCfg = Debug|Any CPU
		{0BB0B81B-B872-D57D-CC76-7186FBB8C7ED}.Debug|Any CPU.Build.0 = Debug|Any CPU
		{0BB0B81B-B872-D57D-CC76-7186FBB8C7ED}.Release|Any CPU.ActiveCfg = Release|Any CPU
		{0BB0B81B-B872-D57D-CC76-7186FBB8C7ED}.Release|Any CPU.Build.0 = Release|Any CPU
		{35CEDADA-4D6D-ED57-91F1-5DEEBED2D901}.Debug|Any CPU.ActiveCfg = Debug|Any CPU
		{35CEDADA-4D6D-ED57-91F1-5DEEBED2D901}.Debug|Any CPU.Build.0 = Debug|Any CPU
		{35CEDADA-4D6D-ED57-91F1-5DEEBED2D901}.Release|Any CPU.ActiveCfg = Release|Any CPU
		{35CEDADA-4D6D-ED57-91F1-5DEEBED2D901}.Release|Any CPU.Build.0 = Release|Any CPU
	EndGlobalSection
	GlobalSection(SolutionProperties) = preSolution
		HideSolutionNode = FALSE
	EndGlobalSection
EndGlobal
